
Microsoft Visual Studio Solution File, Format Version 12.00
# Visual Studio 15
VisualStudioVersion = 15.0.28307.329
MinimumVisualStudioVersion = 10.0.40219.1
Project("{FAE04EC0-301F-11D3-BF4B-00C04F79EFBC}") = "Data_Vizualizer", "Data_Vizualizer\Data_Vizualizer.csproj", "{61456AF6-6DC5-43E8-A1BC-D61A588AA754}"
EndProject
Project("{FAE04EC0-301F-11D3-BF4B-00C04F79EFBC}") = "Data_Vizualizer.Tests", "Data_Vizualizer.Tests\Data_Vizualizer.Tests.csproj", "{290E66A9-507A-4710-BC14-5C8EEF7E639C}"
EndProject
Global
	GlobalSection(SolutionConfigurationPlatforms) = preSolution
		Debug|Any CPU = Debug|Any CPU
		Release|Any CPU = Release|Any CPU
	EndGlobalSection
	GlobalSection(ProjectConfigurationPlatforms) = postSolution
		{61456AF6-6DC5-43E8-A1BC-D61A588AA754}.Debug|Any CPU.ActiveCfg = Debug|Any CPU
		{61456AF6-6DC5-43E8-A1BC-D61A588AA754}.Debug|Any CPU.Build.0 = Debug|Any CPU
		{61456AF6-6DC5-43E8-A1BC-D61A588AA754}.Release|Any CPU.ActiveCfg = Release|Any CPU
		{61456AF6-6DC5-43E8-A1BC-D61A588AA754}.Release|Any CPU.Build.0 = Release|Any CPU
		{290E66A9-507A-4710-BC14-5C8EEF7E639C}.Debug|Any CPU.ActiveCfg = Debug|Any CPU
		{290E66A9-507A-4710-BC14-5C8EEF7E639C}.Debug|Any CPU.Build.0 = Debug|Any CPU
		{290E66A9-507A-4710-BC14-5C8EEF7E639C}.Release|Any CPU.ActiveCfg = Release|Any CPU
		{290E66A9-507A-4710-BC14-5C8EEF7E639C}.Release|Any CPU.Build.0 = Release|Any CPU
	EndGlobalSection
	GlobalSection(SolutionProperties) = preSolution
		HideSolutionNode = FALSE
	EndGlobalSection
	GlobalSection(ExtensibilityGlobals) = postSolution
		SolutionGuid = {8765F2AC-54B1-4105-902F-EEDF08A1B334}
	EndGlobalSection
EndGlobal
